
Microsoft Visual Studio Solution File, Format Version 12.00
Project("{FAE04EC0-301F-11D3-BF4B-00C04F79EFBC}") = "Sender", "Sender\Sender.csproj", "{52D7D941-13F3-4376-83FE-284BD9FFC981}"
EndProject
Project("{FAE04EC0-301F-11D3-BF4B-00C04F79EFBC}") = "Receiver", "Receiver\Receiver.csproj", "{FAF75418-B810-47CA-9DBD-2BF828BD258F}"
EndProject
Global
	GlobalSection(SolutionConfigurationPlatforms) = preSolution
		Debug|Any CPU = Debug|Any CPU
		Release|Any CPU = Release|Any CPU
	EndGlobalSection
	GlobalSection(ProjectConfigurationPlatforms) = postSolution
		{52D7D941-13F3-4376-83FE-284BD9FFC981}.Debug|Any CPU.ActiveCfg = Debug|Any CPU
		{52D7D941-13F3-4376-83FE-284BD9FFC981}.Debug|Any CPU.Build.0 = Debug|Any CPU
		{52D7D941-13F3-4376-83FE-284BD9FFC981}.Release|Any CPU.ActiveCfg = Release|Any CPU
		{52D7D941-13F3-4376-83FE-284BD9FFC981}.Release|Any CPU.Build.0 = Release|Any CPU
		{FAF75418-B810-47CA-9DBD-2BF828BD258F}.Debug|Any CPU.ActiveCfg = Debug|Any CPU
		{FAF75418-B810-47CA-9DBD-2BF828BD258F}.Debug|Any CPU.Build.0 = Debug|Any CPU
		{FAF75418-B810-47CA-9DBD-2BF828BD258F}.Release|Any CPU.ActiveCfg = Release|Any CPU
		{FAF75418-B810-47CA-9DBD-2BF828BD258F}.Release|Any CPU.Build.0 = Release|Any CPU
	EndGlobalSection
EndGlobal
